github.com/boombuler/hid v0.0.0-20200606170446-6a2dff8586bc h1:mPoyO6/N4SwSKRhuhYccA3dAVSnQFRl+3kuiTf9ptAQ=
github.com/boombuler/hid v0.0.0-20200606170446-6a2dff8586bc/go.mod h1:5tIGNm7VNPEAS8ulRl5g4wU/zCpPgj5vyYI5Bo77Hz8=
github.com/boombuler/led v0.0.0-20190225062837-d94ba02fda02 h1:+RXyv+EV4j1UuCtddZxz1GCEaYnivCpfcAbU8F/E1+c=
github.com/boombuler/led v0.0.0-20190225062837-d94ba02fda02/go.mod h1:3aukX3oq0T09JVArrfnKSzt2fM9SLHsYS/zZoea+fyM=
